
Microsoft Visual Studio Solution File, Format Version 12.00
# Visual Studio Version 17
VisualStudioVersion = 17.0.32112.339
MinimumVisualStudioVersion = 10.0.40219.1
Project("{9A19103F-16F7-4668-BE54-9A1E7A4F7556}") = "Core", "Core\Core.csproj", "{2B9EF76D-361D-4F1E-B584-8FE0505EE649}"
EndProject
Project("{9A19103F-16F7-4668-BE54-9A1E7A4F7556}") = "GUI", "GUI\GUI.csproj", "{31E36FCF-397A-424F-A961-1B04E76A566E}"
EndProject
Project("{9A19103F-16F7-4668-BE54-9A1E7A4F7556}") = "CLI", "CLI\CLI.csproj", "{D64C1006-BB58-4FDA-A351-E2B9B3F0635E}"
EndProject
Project("{54435603-DBB4-11D2-8724-00A0C9A8B90C}") = "Installer", "Installer\Installer.vdproj", "{0EA794F3-F523-4EA7-8CBF-B5A92FB8D631}"
EndProject
Global
	GlobalSection(SolutionConfigurationPlatforms) = preSolution
		Debug|Any CPU = Debug|Any CPU
		Release|Any CPU = Release|Any CPU
	EndGlobalSection
	GlobalSection(ProjectConfigurationPlatforms) = postSolution
		{2B9EF76D-361D-4F1E-B584-8FE0505EE649}.Debug|Any CPU.ActiveCfg = Debug|Any CPU
		{2B9EF76D-361D-4F1E-B584-8FE0505EE649}.Debug|Any CPU.Build.0 = Debug|Any CPU
		{2B9EF76D-361D-4F1E-B584-8FE0505EE649}.Release|Any CPU.ActiveCfg = Release|Any CPU
		{2B9EF76D-361D-4F1E-B584-8FE0505EE649}.Release|Any CPU.Build.0 = Release|Any CPU
		{31E36FCF-397A-424F-A961-1B04E76A566E}.Debug|Any CPU.ActiveCfg = Debug|Any CPU
		{31E36FCF-397A-424F-A961-1B04E76A566E}.Debug|Any CPU.Build.0 = Debug|Any CPU
		{31E36FCF-397A-424F-A961-1B04E76A566E}.Release|Any CPU.ActiveCfg = Release|Any CPU
		{31E36FCF-397A-424F-A961-1B04E76A566E}.Release|Any CPU.Build.0 = Release|Any CPU
		{D64C1006-BB58-4FDA-A351-E2B9B3F0635E}.Debug|Any CPU.ActiveCfg = Debug|Any CPU
		{D64C1006-BB58-4FDA-A351-E2B9B3F0635E}.Debug|Any CPU.Build.0 = Debug|Any CPU
		{D64C1006-BB58-4FDA-A351-E2B9B3F0635E}.Release|Any CPU.ActiveCfg = Release|Any CPU
		{D64C1006-BB58-4FDA-A351-E2B9B3F0635E}.Release|Any CPU.Build.0 = Release|Any CPU
		{0EA794F3-F523-4EA7-8CBF-B5A92FB8D631}.Debug|Any CPU.ActiveCfg = Debug
		{0EA794F3-F523-4EA7-8CBF-B5A92FB8D631}.Release|Any CPU.ActiveCfg = Release
	EndGlobalSection
	GlobalSection(SolutionProperties) = preSolution
		HideSolutionNode = FALSE
	EndGlobalSection
	GlobalSection(ExtensibilityGlobals) = postSolution
		SolutionGuid = {2585C131-EFAC-4672-A31E-FDA17C76DE94}
	EndGlobalSection
EndGlobal
