
Microsoft Visual Studio Solution File, Format Version 12.00
Project("{FAE04EC0-301F-11D3-BF4B-00C04F79EFBC}") = "SipgateVirtualFax", "SipgateVirtualFax\SipgateVirtualFax.csproj", "{2B9EF76D-361D-4F1E-B584-8FE0505EE649}"
EndProject
Project("{FAE04EC0-301F-11D3-BF4B-00C04F79EFBC}") = "SipGateVirtualFaxGui", "SipGateVirtualFaxGui\SipGateVirtualFaxGui.csproj", "{31E36FCF-397A-424F-A961-1B04E76A566E}"
EndProject
Global
	GlobalSection(SolutionConfigurationPlatforms) = preSolution
		Debug|Any CPU = Debug|Any CPU
		Release|Any CPU = Release|Any CPU
	EndGlobalSection
	GlobalSection(ProjectConfigurationPlatforms) = postSolution
		{2B9EF76D-361D-4F1E-B584-8FE0505EE649}.Debug|Any CPU.ActiveCfg = Debug|Any CPU
		{2B9EF76D-361D-4F1E-B584-8FE0505EE649}.Debug|Any CPU.Build.0 = Debug|Any CPU
		{2B9EF76D-361D-4F1E-B584-8FE0505EE649}.Release|Any CPU.ActiveCfg = Release|Any CPU
		{2B9EF76D-361D-4F1E-B584-8FE0505EE649}.Release|Any CPU.Build.0 = Release|Any CPU
		{31E36FCF-397A-424F-A961-1B04E76A566E}.Debug|Any CPU.ActiveCfg = Debug|Any CPU
		{31E36FCF-397A-424F-A961-1B04E76A566E}.Debug|Any CPU.Build.0 = Debug|Any CPU
		{31E36FCF-397A-424F-A961-1B04E76A566E}.Release|Any CPU.ActiveCfg = Release|Any CPU
		{31E36FCF-397A-424F-A961-1B04E76A566E}.Release|Any CPU.Build.0 = Release|Any CPU
	EndGlobalSection
EndGlobal
